
Microsoft Visual Studio Solution File, Format Version 12.00
Project("{FAE04EC0-301F-11D3-BF4B-00C04F79EFBC}") = "Socket_server", "Socket_server\Socket_server.csproj", "{63CBD6AF-476B-42C0-A465-3A4F6782A5F8}"
EndProject
Global
	GlobalSection(SolutionConfigurationPlatforms) = preSolution
		Debug|Any CPU = Debug|Any CPU
		Release|Any CPU = Release|Any CPU
	EndGlobalSection
	GlobalSection(ProjectConfigurationPlatforms) = postSolution
		{63CBD6AF-476B-42C0-A465-3A4F6782A5F8}.Debug|Any CPU.ActiveCfg = Debug|Any CPU
		{63CBD6AF-476B-42C0-A465-3A4F6782A5F8}.Debug|Any CPU.Build.0 = Debug|Any CPU
		{63CBD6AF-476B-42C0-A465-3A4F6782A5F8}.Release|Any CPU.ActiveCfg = Release|Any CPU
		{63CBD6AF-476B-42C0-A465-3A4F6782A5F8}.Release|Any CPU.Build.0 = Release|Any CPU
	EndGlobalSection
EndGlobal
